
Microsoft Visual Studio Solution File, Format Version 12.00
# Visual Studio 2013
VisualStudioVersion = 12.0.40629.0
MinimumVisualStudioVersion = 10.0.40219.1
Project("{FAE04EC0-301F-11D3-BF4B-00C04F79EFBC}") = "HastaTakip.Entities", "HastaTakip.Entities\HastaTakip.Entities.csproj", "{04397BA7-9CC3-4391-815E-DA66393CADCA}"
EndProject
Project("{FAE04EC0-301F-11D3-BF4B-00C04F79EFBC}") = "HastaTakip.DAL", "HastaTakip.DAL\HastaTakip.DAL.csproj", "{2F8CC6B7-AB16-41EF-8D29-BF33480D419E}"
EndProject
Project("{FAE04EC0-301F-11D3-BF4B-00C04F79EFBC}") = "HastaTakip.WCF", "HastaTakip.WCF\HastaTakip.WCF.csproj", "{E95D97D7-B7D4-4834-867D-D14AB3152C16}"
EndProject
Project("{FAE04EC0-301F-11D3-BF4B-00C04F79EFBC}") = "HastaTakip.BLL", "HastaTakip.BLL\HastaTakip.BLL.csproj", "{EE76B36A-35BA-4E17-9A56-E11033625A02}"
EndProject
Project("{FAE04EC0-301F-11D3-BF4B-00C04F79EFBC}") = "HastaTakip.Util", "HastaTakip.Util\HastaTakip.Util.csproj", "{483620B0-A1C5-437A-8A55-26C9669F2E7B}"
EndProject
Global
	GlobalSection(SolutionConfigurationPlatforms) = preSolution
		Debug|Any CPU = Debug|Any CPU
		Release|Any CPU = Release|Any CPU
	EndGlobalSection
	GlobalSection(ProjectConfigurationPlatforms) = postSolution
		{04397BA7-9CC3-4391-815E-DA66393CADCA}.Debug|Any CPU.ActiveCfg = Debug|Any CPU
		{04397BA7-9CC3-4391-815E-DA66393CADCA}.Debug|Any CPU.Build.0 = Debug|Any CPU
		{04397BA7-9CC3-4391-815E-DA66393CADCA}.Release|Any CPU.ActiveCfg = Release|Any CPU
		{04397BA7-9CC3-4391-815E-DA66393CADCA}.Release|Any CPU.Build.0 = Release|Any CPU
		{2F8CC6B7-AB16-41EF-8D29-BF33480D419E}.Debug|Any CPU.ActiveCfg = Debug|Any CPU
		{2F8CC6B7-AB16-41EF-8D29-BF33480D419E}.Debug|Any CPU.Build.0 = Debug|Any CPU
		{2F8CC6B7-AB16-41EF-8D29-BF33480D419E}.Release|Any CPU.ActiveCfg = Release|Any CPU
		{2F8CC6B7-AB16-41EF-8D29-BF33480D419E}.Release|Any CPU.Build.0 = Release|Any CPU
		{E95D97D7-B7D4-4834-867D-D14AB3152C16}.Debug|Any CPU.ActiveCfg = Debug|Any CPU
		{E95D97D7-B7D4-4834-867D-D14AB3152C16}.Debug|Any CPU.Build.0 = Debug|Any CPU
		{E95D97D7-B7D4-4834-867D-D14AB3152C16}.Release|Any CPU.ActiveCfg = Release|Any CPU
		{E95D97D7-B7D4-4834-867D-D14AB3152C16}.Release|Any CPU.Build.0 = Release|Any CPU
		{EE76B36A-35BA-4E17-9A56-E11033625A02}.Debug|Any CPU.ActiveCfg = Debug|Any CPU
		{EE76B36A-35BA-4E17-9A56-E11033625A02}.Debug|Any CPU.Build.0 = Debug|Any CPU
		{EE76B36A-35BA-4E17-9A56-E11033625A02}.Release|Any CPU.ActiveCfg = Release|Any CPU
		{EE76B36A-35BA-4E17-9A56-E11033625A02}.Release|Any CPU.Build.0 = Release|Any CPU
		{483620B0-A1C5-437A-8A55-26C9669F2E7B}.Debug|Any CPU.ActiveCfg = Debug|Any CPU
		{483620B0-A1C5-437A-8A55-26C9669F2E7B}.Debug|Any CPU.Build.0 = Debug|Any CPU
		{483620B0-A1C5-437A-8A55-26C9669F2E7B}.Release|Any CPU.ActiveCfg = Release|Any CPU
		{483620B0-A1C5-437A-8A55-26C9669F2E7B}.Release|Any CPU.Build.0 = Release|Any CPU
	EndGlobalSection
	GlobalSection(SolutionProperties) = preSolution
		HideSolutionNode = FALSE
	EndGlobalSection
EndGlobal
